{
  "requires": true,
  "lockfileVersion": 1,
  "dependencies": {
    "spectrogram": {
      "version": "0.0.6",
      "resolved": "https://registry.npmjs.org/spectrogram/-/spectrogram-0.0.6.tgz",
      "integrity": "sha512-luzRrv2YJIqSf5wcmdRLd76eWYMQYxcSfvoIIoaRLy5GLlZAUIAr0Ps9UXpg53kArtF5P0kolLZ3xpMEdJVdZQ=="
    }
  }
}
